
Microsoft Visual Studio Solution File, Format Version 12.00
# Visual Studio Version 17
VisualStudioVersion = 17.0.31919.166
MinimumVisualStudioVersion = 10.0.40219.1
Project("{9A19103F-16F7-4668-BE54-9A1E7A4F7556}") = "BlazorWasmGraphQL.Server", "BlazorWasmGraphQL\Server\BlazorWasmGraphQL.Server.csproj", "{B5E7711A-5960-4A82-A9BC-0EC5FA03B688}"
EndProject
Project("{9A19103F-16F7-4668-BE54-9A1E7A4F7556}") = "BlazorWasmGraphQL.Client", "BlazorWasmGraphQL\Client\BlazorWasmGraphQL.Client.csproj", "{87DB03B5-ED25-46DE-9541-75F17A618005}"
EndProject
Project("{9A19103F-16F7-4668-BE54-9A1E7A4F7556}") = "BlazorWasmGraphQL.Shared", "BlazorWasmGraphQL\Shared\BlazorWasmGraphQL.Shared.csproj", "{D276249E-1E3F-4B27-ADB2-53C1D70C161D}"
EndProject
Global
	GlobalSection(SolutionConfigurationPlatforms) = preSolution
		Debug|Any CPU = Debug|Any CPU
		Release|Any CPU = Release|Any CPU
	EndGlobalSection
	GlobalSection(ProjectConfigurationPlatforms) = postSolution
		{B5E7711A-5960-4A82-A9BC-0EC5FA03B688}.Debug|Any CPU.ActiveCfg = Debug|Any CPU
		{B5E7711A-5960-4A82-A9BC-0EC5FA03B688}.Debug|Any CPU.Build.0 = Debug|Any CPU
		{B5E7711A-5960-4A82-A9BC-0EC5FA03B688}.Release|Any CPU.ActiveCfg = Release|Any CPU
		{B5E7711A-5960-4A82-A9BC-0EC5FA03B688}.Release|Any CPU.Build.0 = Release|Any CPU
		{87DB03B5-ED25-46DE-9541-75F17A618005}.Debug|Any CPU.ActiveCfg = Debug|Any CPU
		{87DB03B5-ED25-46DE-9541-75F17A618005}.Debug|Any CPU.Build.0 = Debug|Any CPU
		{87DB03B5-ED25-46DE-9541-75F17A618005}.Release|Any CPU.ActiveCfg = Release|Any CPU
		{87DB03B5-ED25-46DE-9541-75F17A618005}.Release|Any CPU.Build.0 = Release|Any CPU
		{D276249E-1E3F-4B27-ADB2-53C1D70C161D}.Debug|Any CPU.ActiveCfg = Debug|Any CPU
		{D276249E-1E3F-4B27-ADB2-53C1D70C161D}.Debug|Any CPU.Build.0 = Debug|Any CPU
		{D276249E-1E3F-4B27-ADB2-53C1D70C161D}.Release|Any CPU.ActiveCfg = Release|Any CPU
		{D276249E-1E3F-4B27-ADB2-53C1D70C161D}.Release|Any CPU.Build.0 = Release|Any CPU
	EndGlobalSection
	GlobalSection(SolutionProperties) = preSolution
		HideSolutionNode = FALSE
	EndGlobalSection
	GlobalSection(ExtensibilityGlobals) = postSolution
		SolutionGuid = {A1E52D45-E40F-4333-B9E7-26450C8A2C7C}
	EndGlobalSection
EndGlobal
